
Microsoft Visual Studio Solution File, Format Version 12.00
# Visual Studio Version 16
VisualStudioVersion = 16.0.30413.136
MinimumVisualStudioVersion = 10.0.40219.1
Project("{FAE04EC0-301F-11D3-BF4B-00C04F79EFBC}") = "BlazorApp", "BlazorApp\BlazorApp.csproj", "{4E3B11B9-C093-4077-9AD9-8C70277EF531}"
EndProject
Global
	GlobalSection(SolutionConfigurationPlatforms) = preSolution
		Debug|Any CPU = Debug|Any CPU
		Release|Any CPU = Release|Any CPU
	EndGlobalSection
	GlobalSection(ProjectConfigurationPlatforms) = postSolution
		{4E3B11B9-C093-4077-9AD9-8C70277EF531}.Debug|Any CPU.ActiveCfg = Debug|Any CPU
		{4E3B11B9-C093-4077-9AD9-8C70277EF531}.Debug|Any CPU.Build.0 = Debug|Any CPU
		{4E3B11B9-C093-4077-9AD9-8C70277EF531}.Release|Any CPU.ActiveCfg = Release|Any CPU
		{4E3B11B9-C093-4077-9AD9-8C70277EF531}.Release|Any CPU.Build.0 = Release|Any CPU
	EndGlobalSection
	GlobalSection(SolutionProperties) = preSolution
		HideSolutionNode = FALSE
	EndGlobalSection
	GlobalSection(ExtensibilityGlobals) = postSolution
		SolutionGuid = {B4BC17CF-B870-4A27-882D-79B0086BBCB6}
	EndGlobalSection
EndGlobal
